// !$*UTF8*$!
{
	archiveVersion = 1;
	classes = {
	};
	objectVersion = 46;
	objects = {

/* Begin PBXBuildFile section */
		68BC0BC61C982E360011864B /* AppDelegate.swift in Sources */ = {isa = PBXBuildFile; fileRef = 68BC0BC51C982E360011864B /* AppDelegate.swift */; };
		68BC0BC81C982E360011864B /* ViewController.swift in Sources */ = {isa = PBXBuildFile; fileRef = 68BC0BC71C982E360011864B /* ViewController.swift */; };
		68BC0BCB1C982E360011864B /* Main.storyboard in Resources */ = {isa = PBXBuildFile; fileRef = 68BC0BC91C982E360011864B /* Main.storyboard */; };
		68BC0BCD1C982E360011864B /* Assets.xcassets in Resources */ = {isa = PBXBuildFile; fileRef = 68BC0BCC1C982E360011864B /* Assets.xcassets */; };
		68BC0BD01C982E360011864B /* LaunchScreen.storyboard in Resources */ = {isa = PBXBuildFile; fileRef = 68BC0BCE1C982E360011864B /* LaunchScreen.storyboard */; };
		68BC0BDB1C982E360011864B /* HelloWorldTests.swift in Sources */ = {isa = PBXBuildFile; fileRef = 68BC0BDA1C982E360011864B /* HelloWorldTests.swift */; };
		68BC0BE61C982E360011864B /* HelloWorldUITests.swift in Sources */ = {isa = PBXBuildFile; fileRef = 68BC0BE51C982E360011864B /* HelloWorldUITests.swift */; };
/* End PBXBuildFile section */

/* Begin PBXContainerItemProxy section */
		68BC0BD71C982E360011864B /* PBXContainerItemProxy */ = {
			isa = PBXContainerItemProxy;
			containerPortal = 68BC0BBA1C982E350011864B /* Project object */;
			proxyType = 1;
			remoteGlobalIDString = 68BC0BC11C982E360011864B;
			remoteInfo = HelloWorld;
		};
		68BC0BE21C982E360011864B /* PBXContainerItemProxy */ = {
			isa = PBXContainerItemProxy;
			containerPortal = 68BC0BBA1C982E350011864B /* Project object */;
			proxyType = 1;
			remoteGlobalIDString = 68BC0BC11C982E360011864B;
			remoteInfo = HelloWorld;
		};
/* End PBXContainerItemProxy section */

/* Begin PBXFileReference section */
		68BC0BC21C982E360011864B /* HelloWorld.app */ = {isa = PBXFileReference; explicitFileType = wrapper.application; includeInIndex = 0; path = HelloWorld.app; sourceTree = BUILT_PRODUCTS_DIR; };
		68BC0BC51C982E360011864B /* AppDelegate.swift */ = {isa = PBXFileReference; lastKnownFileType = sourcecode.swift; path = AppDelegate.swift; sourceTree = "<group>"; };
		68BC0BC71C982E360011864B /* ViewController.swift */ = {isa = PBXFileReference; lastKnownFileType = sourcecode.swift; path = ViewController.swift; sourceTree = "<group>"; };
		68BC0BCA1C982E360011864B /* Base */ = {isa = PBXFileReference; lastKnownFileType = file.storyboard; name = Base; path = Base.lproj/Main.storyboard; sourceTree = "<group>"; };
		68BC0BCC1C982E360011864B /* Assets.xcassets */ = {isa = PBXFileReference; lastKnownFileType = folder.assetcatalog; path = Assets.xcassets; sourceTree = "<group>"; };
		68BC0BCF1C982E360011864B /* Base */ = {isa = PBXFileReference; lastKnownFileType = file.storyboard; name = Base; path = Base.lproj/LaunchScreen.storyboard; sourceTree = "<group>"; };
		68BC0BD11C982E360011864B /* Info.plist */ = {isa = PBXFileReference; lastKnownFileType = text.plist.xml; path = Info.plist; sourceTree = "<group>"; };
		68BC0BD61C982E360011864B /* HelloWorldTests.xctest */ = {isa = PBXFileReference; explicitFileType = wrapper.cfbundle; includeInIndex = 0; path = HelloWorldTests.xctest; sourceTree = BUILT_PRODUCTS_DIR; };
		68BC0BDA1C982E360011864B /* HelloWorldTests.swift */ = {isa = PBXFileReference; lastKnownFileType = sourcecode.swift; path = HelloWorldTests.swift; sourceTree = "<group>"; };
		68BC0BDC1C982E360011864B /* Info.plist */ = {isa = PBXFileReference; lastKnownFileType = text.plist.xml; path = Info.plist; sourceTree = "<group>"; };
		68BC0BE11C982E360011864B /* HelloWorldUITests.xctest */ = {isa = PBXFileReference; explicitFileType = wrapper.cfbundle; includeInIndex = 0; path = HelloWorldUITests.xctest; sourceTree = BUILT_PRODUCTS_DIR; };
		68BC0BE51C982E360011864B /* HelloWorldUITests.swift */ = {isa = PBXFileReference; lastKnownFileType = sourcecode.swift; path = HelloWorldUITests.swift; sourceTree = "<group>"; };
		68BC0BE71C982E360011864B /* Info.plist */ = {isa = PBXFileReference; lastKnownFileType = text.plist.xml; path = Info.plist; sourceTree = "<group>"; };
/* End PBXFileReference section */

/* Begin PBXFrameworksBuildPhase section */
		68BC0BBF1C982E360011864B /* Frameworks */ = {
			isa = PBXFrameworksBuildPhase;
			buildActionMask = 2147483647;
			files = (
			);
			runOnlyForDeploymentPostprocessing = 0;
		};
		68BC0BD31C982E360011864B /* Frameworks */ = {
			isa = PBXFrameworksBuildPhase;
			buildActionMask = 2147483647;
			files = (
			);
			runOnlyForDeploymentPostprocessing = 0;
		};
		68BC0BDE1C982E360011864B /* Frameworks */ = {
			isa = PBXFrameworksBuildPhase;
			buildActionMask = 2147483647;
			files = (
			);
			runOnlyForDeploymentPostprocessing = 0;
		};
/* End PBXFrameworksBuildPhase section */

/* Begin PBXGroup section */
		68BC0BB91C982E350011864B = {
			isa = PBXGroup;
			children = (
				68BC0BC41C982E360011864B /* HelloWorld */,
				68BC0BD91C982E360011864B /* HelloWorldTests */,
				68BC0BE41C982E360011864B /* HelloWorldUITests */,
				68BC0BC31C982E360011864B /* Products */,
			);
			sourceTree = "<group>";
		};
		68BC0BC31C982E360011864B /* Products */ = {
			isa = PBXGroup;
			children = (
				68BC0BC21C982E360011864B /* HelloWorld.app */,
				68BC0BD61C982E360011864B /* HelloWorldTests.xctest */,
				68BC0BE11C982E360011864B /* HelloWorldUITests.xctest */,
			);
			name = Products;
			sourceTree = "<group>";
		};
		68BC0BC41C982E360011864B /* HelloWorld */ = {
			isa = PBXGroup;
			children = (
				68BC0BC51C982E360011864B /* AppDelegate.swift */,
				68BC0BC71C982E360011864B /* ViewController.swift */,
				68BC0BC91C982E360011864B /* Main.storyboard */,
				68BC0BCC1C982E360011864B /* Assets.xcassets */,
				68BC0BCE1C982E360011864B /* LaunchScreen.storyboard */,
				68BC0BD11C982E360011864B /* Info.plist */,
			);
			path = HelloWorld;
			sourceTree = "<group>";
		};
		68BC0BD91C982E360011864B /* HelloWorldTests */ = {
			isa = PBXGroup;
			children = (
				68BC0BDA1C982E360011864B /* HelloWorldTests.swift */,
				68BC0BDC1C982E360011864B /* Info.plist */,
			);
			path = HelloWorldTests;
			sourceTree = "<group>";
		};
		68BC0BE41C982E360011864B /* HelloWorldUITests */ = {
			isa = PBXGroup;
			children = (
				68BC0BE51C982E360011864B /* HelloWorldUITests.swift */,
				68BC0BE71C982E360011864B /* Info.plist */,
			);
			path = HelloWorldUITests;
			sourceTree = "<group>";
		};
/* End PBXGroup section */

/* Begin PBXNativeTarget section */
		68BC0BC11C982E360011864B /* HelloWorld */ = {
			isa = PBXNativeTarget;
			buildConfigurationList = 68BC0BEA1C982E360011864B /* Build configuration list for PBXNativeTarget "HelloWorld" */;
			buildPhases = (
				68BC0BBE1C982E360011864B /* Sources */,
				68BC0BBF1C982E360011864B /* Frameworks */,
				68BC0BC01C982E360011864B /* Resources */,
			);
			buildRules = (
			);
			dependencies = (
			);
			name = HelloWorld;
			productName = HelloWorld;
			productReference = 68BC0BC21C982E360011864B /* HelloWorld.app */;
			productType = "com.apple.product-type.application";
		};
		68BC0BD51C982E360011864B /* HelloWorldTests */ = {
			isa = PBXNativeTarget;
			buildConfigurationList = 68BC0BED1C982E360011864B /* Build configuration list for PBXNativeTarget "HelloWorldTests" */;
			buildPhases = (
				68BC0BD21C982E360011864B /* Sources */,
				68BC0BD31C982E360011864B /* Frameworks */,
				68BC0BD41C982E360011864B /* Resources */,
			);
			buildRules = (
			);
			dependencies = (
				68BC0BD81C982E360011864B /* PBXTargetDependency */,
			);
			name = HelloWorldTests;
			productName = HelloWorldTests;
			productReference = 68BC0BD61C982E360011864B /* HelloWorldTests.xctest */;
			productType = "com.apple.product-type.bundle.unit-test";
		};
		68BC0BE01C982E360011864B /* HelloWorldUITests */ = {
			isa = PBXNativeTarget;
			buildConfigurationList = 68BC0BF01C982E360011864B /* Build configuration list for PBXNativeTarget "HelloWorldUITests" */;
			buildPhases = (
				68BC0BDD1C982E360011864B /* Sources */,
				68BC0BDE1C982E360011864B /* Frameworks */,
				68BC0BDF1C982E360011864B /* Resources */,
			);
			buildRules = (
			);
			dependencies = (
				68BC0BE31C982E360011864B /* PBXTargetDependency */,
			);
			name = HelloWorldUITests;
			productName = HelloWorldUITests;
			productReference = 68BC0BE11C982E360011864B /* HelloWorldUITests.xctest */;
			productType = "com.apple.product-type.bundle.ui-testing";
		};
/* End PBXNativeTarget section */

/* Begin PBXProject section */
		68BC0BBA1C982E350011864B /* Project object */ = {
			isa = PBXProject;
			attributes = {
				LastSwiftUpdateCheck = 0720;
				LastUpgradeCheck = 0720;
				ORGANIZATIONNAME = SwiftBook;
				TargetAttributes = {
					68BC0BC11C982E360011864B = {
						CreatedOnToolsVersion = 7.2.1;
					};
					68BC0BD51C982E360011864B = {
						CreatedOnToolsVersion = 7.2.1;
						TestTargetID = 68BC0BC11C982E360011864B;
					};
					68BC0BE01C982E360011864B = {
						CreatedOnToolsVersion = 7.2.1;
						TestTargetID = 68BC0BC11C982E360011864B;
					};
				};
			};
			buildConfigurationList = 68BC0BBD1C982E350011864B /* Build configuration list for PBXProject "HelloWorld" */;
			compatibilityVersion = "Xcode 3.2";
			developmentRegion = English;
			hasScannedForEncodings = 0;
			knownRegions = (
				en,
				Base,
			);
			mainGroup = 68BC0BB91C982E350011864B;
			productRefGroup = 68BC0BC31C982E360011864B /* Products */;
			projectDirPath = "";
			projectRoot = "";
			targets = (
				68BC0BC11C982E360011864B /* HelloWorld */,
				68BC0BD51C982E360011864B /* HelloWorldTests */,
				68BC0BE01C982E360011864B /* HelloWorldUITests */,
			);
		};
/* End PBXProject section */

/* Begin PBXResourcesBuildPhase section */
		68BC0BC01C982E360011864B /* Resources */ = {
			isa = PBXResourcesBuildPhase;
			buildActionMask = 2147483647;
			files = (
				68BC0BD01C982E360011864B /* LaunchScreen.storyboard in Resources */,
				68BC0BCD1C982E360011864B /* Assets.xcassets in Resources */,
				68BC0BCB1C982E360011864B /* Main.storyboard in Resources */,
			);
			runOnlyForDeploymentPostprocessing = 0;
		};
		68BC0BD41C982E360011864B /* Resources */ = {
			isa = PBXResourcesBuildPhase;
			buildActionMask = 2147483647;
			files = (
			);
			runOnlyForDeploymentPostprocessing = 0;
		};
		68BC0BDF1C982E360011864B /* Resources */ = {
			isa = PBXResourcesBuildPhase;
			buildActionMask = 2147483647;
			files = (
			);
			runOnlyForDeploymentPostprocessing = 0;
		};
/* End PBXResourcesBuildPhase section */

/* Begin PBXSourcesBuildPhase section */
		68BC0BBE1C982E360011864B /* Sources */ = {
			isa = PBXSourcesBuildPhase;
			buildActionMask = 2147483647;
			files = (
				68BC0BC81C982E360011864B /* ViewController.swift in Sources */,
				68BC0BC61C982E360011864B /* AppDelegate.swift in Sources */,
			);
			runOnlyForDeploymentPostprocessing = 0;
		};
		68BC0BD21C982E360011864B /* Sources */ = {
			isa = PBXSourcesBuildPhase;
			buildActionMask = 2147483647;
			files = (
				68BC0BDB1C982E360011864B /* HelloWorldTests.swift in Sources */,
			);
			runOnlyForDeploymentPostprocessing = 0;
		};
		68BC0BDD1C982E360011864B /* Sources */ = {
			isa = PBXSourcesBuildPhase;
			buildActionMask = 2147483647;
			files = (
				68BC0BE61C982E360011864B /* HelloWorldUITests.swift in Sources */,
			);
			runOnlyForDeploymentPostprocessing = 0;
		};
/* End PBXSourcesBuildPhase section */

/* Begin PBXTargetDependency section */
		68BC0BD81C982E360011864B /* PBXTargetDependency */ = {
			isa = PBXTargetDependency;
			target = 68BC0BC11C982E360011864B /* HelloWorld */;
			targetProxy = 68BC0BD71C982E360011864B /* PBXContainerItemProxy */;
		};
		68BC0BE31C982E360011864B /* PBXTargetDependency */ = {
			isa = PBXTargetDependency;
			target = 68BC0BC11C982E360011864B /* HelloWorld */;
			targetProxy = 68BC0BE21C982E360011864B /* PBXContainerItemProxy */;
		};
/* End PBXTargetDependency section */

/* Begin PBXVariantGroup section */
		68BC0BC91C982E360011864B /* Main.storyboard */ = {
			isa = PBXVariantGroup;
			children = (
				68BC0BCA1C982E360011864B /* Base */,
			);
			name = Main.storyboard;
			sourceTree = "<group>";
		};
		68BC0BCE1C982E360011864B /* LaunchScreen.storyboard */ = {
			isa = PBXVariantGroup;
			children = (
				68BC0BCF1C982E360011864B /* Base */,
			);
			name = LaunchScreen.storyboard;
			sourceTree = "<group>";
		};
/* End PBXVariantGroup section */

/* Begin XCBuildConfiguration section */
		68BC0BE81C982E360011864B /* Debug */ = {
			isa = XCBuildConfiguration;
			buildSettings = {
				ALWAYS_SEARCH_USER_PATHS = NO;
				CLANG_CXX_LANGUAGE_STANDARD = "gnu++0x";
				CLANG_CXX_LIBRARY = "libc++";
				CLANG_ENABLE_MODULES = YES;
				CLANG_ENABLE_OBJC_ARC = YES;
				CLANG_WARN_BOOL_CONVERSION = YES;
				CLANG_WARN_CONSTANT_CONVERSION = YES;
				CLANG_WARN_DIRECT_OBJC_ISA_USAGE = YES_ERROR;
				CLANG_WARN_EMPTY_BODY = YES;
				CLANG_WARN_ENUM_CONVERSION = YES;
				CLANG_WARN_INT_CONVERSION = YES;
				CLANG_WARN_OBJC_ROOT_CLASS = YES_ERROR;
				CLANG_WARN_UNREACHABLE_CODE = YES;
				CLANG_WARN__DUPLICATE_METHOD_MATCH = YES;
				"CODE_SIGN_IDENTITY[sdk=iphoneos*]" = "iPhone Developer";
				COPY_PHASE_STRIP = NO;
				DEBUG_INFORMATION_FORMAT = dwarf;
				ENABLE_STRICT_OBJC_MSGSEND = YES;
				ENABLE_TESTABILITY = YES;
				GCC_C_LANGUAGE_STANDARD = gnu99;
				GCC_DYNAMIC_NO_PIC = NO;
				GCC_NO_COMMON_BLOCKS = YES;
				GCC_OPTIMIZATION_LEVEL = 0;
				GCC_PREPROCESSOR_DEFINITIONS = (
					"DEBUG=1",
					"$(inherited)",
				);
				GCC_WARN_64_TO_32_BIT_CONVERSION = YES;
				GCC_WARN_ABOUT_RETURN_TYPE = YES_ERROR;
				GCC_WARN_UNDECLARED_SELECTOR = YES;
				GCC_WARN_UNINITIALIZED_AUTOS = YES_AGGRESSIVE;
				GCC_WARN_UNUSED_FUNCTION = YES;
				GCC_WARN_UNUSED_VARIABLE = YES;
				IPHONEOS_DEPLOYMENT_TARGET = 9.2;
				MTL_ENABLE_DEBUG_INFO = YES;
				ONLY_ACTIVE_ARCH = YES;
				SDKROOT = iphoneos;
				SWIFT_OPTIMIZATION_LEVEL = "-Onone";
			};
			name = Debug;
		};
		68BC0BE91C982E360011864B /* Release */ = {
			isa = XCBuildConfiguration;
			buildSettings = {
				ALWAYS_SEARCH_USER_PATHS = NO;
				CLANG_CXX_LANGUAGE_STANDARD = "gnu++0x";
				CLANG_CXX_LIBRARY = "libc++";
				CLANG_ENABLE_MODULES = YES;
				CLANG_ENABLE_OBJC_ARC = YES;
				CLANG_WARN_BOOL_CONVERSION = YES;
				CLANG_WARN_CONSTANT_CONVERSION = YES;
				CLANG_WARN_DIRECT_OBJC_ISA_USAGE = YES_ERROR;
				CLANG_WARN_EMPTY_BODY = YES;
				CLANG_WARN_ENUM_CONVERSION = YES;
				CLANG_WARN_INT_CONVERSION = YES;
				CLANG_WARN_OBJC_ROOT_CLASS = YES_ERROR;
				CLANG_WARN_UNREACHABLE_CODE = YES;
				CLANG_WARN__DUPLICATE_METHOD_MATCH = YES;
				"CODE_SIGN_IDENTITY[sdk=iphoneos*]" = "iPhone Developer";
				COPY_PHASE_STRIP = NO;
				DEBUG_INFORMATION_FORMAT = "dwarf-with-dsym";
				ENABLE_NS_ASSERTIONS = NO;
				ENABLE_STRICT_OBJC_MSGSEND = YES;
				GCC_C_LANGUAGE_STANDARD = gnu99;
				GCC_NO_COMMON_BLOCKS = YES;
				GCC_WARN_64_TO_32_BIT_CONVERSION = YES;
				GCC_WARN_ABOUT_RETURN_TYPE = YES_ERROR;
				GCC_WARN_UNDECLARED_SELECTOR = YES;
				GCC_WARN_UNINITIALIZED_AUTOS = YES_AGGRESSIVE;
				GCC_WARN_UNUSED_FUNCTION = YES;
				GCC_WARN_UNUSED_VARIABLE = YES;
				IPHONEOS_DEPLOYMENT_TARGET = 9.2;
				MTL_ENABLE_DEBUG_INFO = NO;
				SDKROOT = iphoneos;
				VALIDATE_PRODUCT = YES;
			};
			name = Release;
		};
		68BC0BEB1C982E360011864B /* Debug */ = {
			isa = XCBuildConfiguration;
			buildSettings = {
				ASSETCATALOG_COMPILER_APPICON_NAME = AppIcon;
				INFOPLIST_FILE = HelloWorld/Info.plist;
				LD_RUNPATH_SEARCH_PATHS = "$(inherited) @executable_path/Frameworks";
				PRODUCT_BUNDLE_IDENTIFIER = com.swiftbook.HelloWorld;
				PRODUCT_NAME = "$(TARGET_NAME)";
			};
			name = Debug;
		};
		68BC0BEC1C982E360011864B /* Release */ = {
			isa = XCBuildConfiguration;
			buildSettings = {
				ASSETCATALOG_COMPILER_APPICON_NAME = AppIcon;
				INFOPLIST_FILE = HelloWorld/Info.plist;
				LD_RUNPATH_SEARCH_PATHS = "$(inherited) @executable_path/Frameworks";
				PRODUCT_BUNDLE_IDENTIFIER = com.swiftbook.HelloWorld;
				PRODUCT_NAME = "$(TARGET_NAME)";
			};
			name = Release;
		};
		68BC0BEE1C982E360011864B /* Debug */ = {
			isa = XCBuildConfiguration;
			buildSettings = {
				BUNDLE_LOADER = "$(TEST_HOST)";
				INFOPLIST_FILE = HelloWorldTests/Info.plist;
				LD_RUNPATH_SEARCH_PATHS = "$(inherited) @executable_path/Frameworks @loader_path/Frameworks";
				PRODUCT_BUNDLE_IDENTIFIER = com.swiftbook.HelloWorldTests;
				PRODUCT_NAME = "$(TARGET_NAME)";
				TEST_HOST = "$(BUILT_PRODUCTS_DIR)/HelloWorld.app/HelloWorld";
			};
			name = Debug;
		};
		68BC0BEF1C982E360011864B /* Release */ = {
			isa = XCBuildConfiguration;
			buildSettings = {
				BUNDLE_LOADER = "$(TEST_HOST)";
				INFOPLIST_FILE = HelloWorldTests/Info.plist;
				LD_RUNPATH_SEARCH_PATHS = "$(inherited) @executable_path/Frameworks @loader_path/Frameworks";
				PRODUCT_BUNDLE_IDENTIFIER = com.swiftbook.HelloWorldTests;
				PRODUCT_NAME = "$(TARGET_NAME)";
				TEST_HOST = "$(BUILT_PRODUCTS_DIR)/HelloWorld.app/HelloWorld";
			};
			name = Release;
		};
		68BC0BF11C982E360011864B /* Debug */ = {
			isa = XCBuildConfiguration;
			buildSettings = {
				INFOPLIST_FILE = HelloWorldUITests/Info.plist;
				LD_RUNPATH_SEARCH_PATHS = "$(inherited) @executable_path/Frameworks @loader_path/Frameworks";
				PRODUCT_BUNDLE_IDENTIFIER = com.swiftbook.HelloWorldUITests;
				PRODUCT_NAME = "$(TARGET_NAME)";
				TEST_TARGET_NAME = HelloWorld;
				USES_XCTRUNNER = YES;
			};
			name = Debug;
		};
		68BC0BF21C982E360011864B /* Release */ = {
			isa = XCBuildConfiguration;
			buildSettings = {
				INFOPLIST_FILE = HelloWorldUITests/Info.plist;
				LD_RUNPATH_SEARCH_PATHS = "$(inherited) @executable_path/Frameworks @loader_path/Frameworks";
				PRODUCT_BUNDLE_IDENTIFIER = com.swiftbook.HelloWorldUITests;
				PRODUCT_NAME = "$(TARGET_NAME)";
				TEST_TARGET_NAME = HelloWorld;
				USES_XCTRUNNER = YES;
			};
			name = Release;
		};
/* End XCBuildConfiguration section */

/* Begin XCConfigurationList section */
		68BC0BBD1C982E350011864B /* Build configuration list for PBXProject "HelloWorld" */ = {
			isa = XCConfigurationList;
			buildConfigurations = (
				68BC0BE81C982E360011864B /* Debug */,
				68BC0BE91C982E360011864B /* Release */,
			);
			defaultConfigurationIsVisible = 0;
			defaultConfigurationName = Release;
		};
		68BC0BEA1C982E360011864B /* Build configuration list for PBXNativeTarget "HelloWorld" */ = {
			isa = XCConfigurationList;
			buildConfigurations = (
				68BC0BEB1C982E360011864B /* Debug */,
				68BC0BEC1C982E360011864B /* Release */,
			);
			defaultConfigurationIsVisible = 0;
		};
		68BC0BED1C982E360011864B /* Build configuration list for PBXNativeTarget "HelloWorldTests" */ = {
			isa = XCConfigurationList;
			buildConfigurations = (
				68BC0BEE1C982E360011864B /* Debug */,
				68BC0BEF1C982E360011864B /* Release */,
			);
			defaultConfigurationIsVisible = 0;
		};
		68BC0BF01C982E360011864B /* Build configuration list for PBXNativeTarget "HelloWorldUITests" */ = {
			isa = XCConfigurationList;
			buildConfigurations = (
				68BC0BF11C982E360011864B /* Debug */,
				68BC0BF21C982E360011864B /* Release */,
			);
			defaultConfigurationIsVisible = 0;
		};
/* End XCConfigurationList section */
	};
	rootObject = 68BC0BBA1C982E350011864B /* Project object */;
}
